
Microsoft Visual Studio Solution File, Format Version 12.00
Project("{2150E333-8FDC-42A3-9474-1A3956D46DE8}") = "ApiGateways", "ApiGateways", "{C702018F-221D-4051-B450-43CDA3BB19E0}"
EndProject
Project("{2150E333-8FDC-42A3-9474-1A3956D46DE8}") = "Services", "Services", "{91E5B09A-D8EF-4071-9907-50D0154B6059}"
EndProject
Project("{2150E333-8FDC-42A3-9474-1A3956D46DE8}") = "WebApps", "WebApps", "{32A07D1E-4128-4F16-B69E-CCB9A5851E6D}"
EndProject
Project("{2150E333-8FDC-42A3-9474-1A3956D46DE8}") = "Secure", "Secure", "{30C34681-2EE8-4B84-BC9D-9337BB32E4D4}"
EndProject
Project("{2150E333-8FDC-42A3-9474-1A3956D46DE8}") = "src", "src", "{D7FEC602-8580-4282-963C-E8951BCD7CD4}"
EndProject
Project("{2150E333-8FDC-42A3-9474-1A3956D46DE8}") = "tests", "tests", "{7B5C5C77-AF76-4BA9-BE0B-EDC0BEEAC003}"
EndProject
Project("{2150E333-8FDC-42A3-9474-1A3956D46DE8}") = "Infra", "Infra", "{F775B45B-C892-4A4D-9819-CF57820CF3B3}"
EndProject
Project("{2150E333-8FDC-42A3-9474-1A3956D46DE8}") = "BuildingBlocks", "BuildingBlocks", "{F4714FA5-2B8C-4783-BD8C-14BD277E87C9}"
EndProject
Project("{2150E333-8FDC-42A3-9474-1A3956D46DE8}") = "Core", "Core", "{C21F3AFF-1D32-41AD-A996-52A89E90DC9F}"
EndProject
Project("{2150E333-8FDC-42A3-9474-1A3956D46DE8}") = "MessageBus", "MessageBus", "{49E2A6BD-019C-4CA1-B30F-7627E37FFF73}"
EndProject
Project("{2150E333-8FDC-42A3-9474-1A3956D46DE8}") = "Services", "Services", "{E9A8B677-9461-4BBE-8C44-60398D88DEFC}"
EndProject
Project("{2150E333-8FDC-42A3-9474-1A3956D46DE8}") = "Product", "Product", "{C2CDB681-FA18-4AD4-8A7A-31753E035526}"
EndProject
Project("{2150E333-8FDC-42A3-9474-1A3956D46DE8}") = "Price", "Price", "{40FD3FAE-BBC1-4A11-A579-FF722B5EB710}"
EndProject
Project("{2150E333-8FDC-42A3-9474-1A3956D46DE8}") = "Client", "Client", "{B376ECA1-4693-411B-9D12-C0A58ED69064}"
EndProject
Project("{2150E333-8FDC-42A3-9474-1A3956D46DE8}") = "Ocelot", "Ocelot", "{D9DA3DDD-DEDC-403B-B3D9-47FF5F2A71BD}"
EndProject
Project("{FAE04EC0-301F-11D3-BF4B-00C04F79EFBC}") = "BSC.OcelotApiGw", "src\ApiGateway\BSC.OcelotApiGw\BSC.OcelotApiGw.csproj", "{0D309A6C-CD9C-4E83-B43E-0D7410D7FE90}"
EndProject
Project("{FAE04EC0-301F-11D3-BF4B-00C04F79EFBC}") = "BSC.BFF", "src\ApiGateway\BSC.BFF\BSC.BFF.csproj", "{D3AEC87C-A98C-486E-9AD8-4316CEABDFAE}"
EndProject
Project("{FAE04EC0-301F-11D3-BF4B-00C04F79EFBC}") = "BSC.Aggregator", "src\ApiGateway\BSC.Aggregator\BSC.Aggregator.csproj", "{6E00B0E1-8A10-429B-AD70-B01DE9C261F1}"
EndProject
Project("{2150E333-8FDC-42A3-9474-1A3956D46DE8}") = "Webhooks", "Webhooks", "{140F3305-4F20-4016-93FE-B777E6C67E54}"
EndProject
Project("{2150E333-8FDC-42A3-9474-1A3956D46DE8}") = "EventBus", "EventBus", "{7950A8A7-8715-4491-A05A-AAB76125AD1C}"
EndProject
Project("{2150E333-8FDC-42A3-9474-1A3956D46DE8}") = "Logging", "Logging", "{6C1A1241-50EB-4421-8766-1CFB480ACEE8}"
EndProject
Project("{FAE04EC0-301F-11D3-BF4B-00C04F79EFBC}") = "BSC.Core", "src\BuildingBlocks\BSC.Core\BSC.Core.csproj", "{01171117-1873-445C-9398-C42AEC2864E8}"
EndProject
Project("{FAE04EC0-301F-11D3-BF4B-00C04F79EFBC}") = "BSC.EventBus", "src\BuildingBlocks\BSC.EventBus\BSC.EventBus.csproj", "{01849397-ED6A-47E3-8DB7-D75355C8721D}"
EndProject
Project("{FAE04EC0-301F-11D3-BF4B-00C04F79EFBC}") = "BSC.EventBus.AzureBus", "src\BuildingBlocks\BSC.EventBus.AzureBus\BSC.EventBus.AzureBus.csproj", "{09783A87-F905-4334-B6BE-DDCEADC93630}"
EndProject
Project("{FAE04EC0-301F-11D3-BF4B-00C04F79EFBC}") = "BSC.EventBus.RabbitMQ", "src\BuildingBlocks\BSC.EventBus.RabbitMQ\BSC.EventBus.RabbitMQ.csproj", "{7F8B8DFE-A648-42DE-B748-0A26A18D2693}"
EndProject
Project("{FAE04EC0-301F-11D3-BF4B-00C04F79EFBC}") = "BSC.EventBus.Kafka", "src\BuildingBlocks\BSC.EventBus.Kafka\BSC.EventBus.Kafka.csproj", "{951C22B5-0FC5-444D-A132-DC37601C6B54}"
EndProject
Project("{FAE04EC0-301F-11D3-BF4B-00C04F79EFBC}") = "BSC.Logging", "src\BuildingBlocks\BSC.Logging\BSC.Logging.csproj", "{C0118A7B-ACBF-42BB-91C4-F4BD3633682C}"
EndProject
Project("{FAE04EC0-301F-11D3-BF4B-00C04F79EFBC}") = "BSC.MessageBus", "src\BuildingBlocks\BSC.MessageBus\BSC.MessageBus.csproj", "{85F5613A-0FCF-4C84-90C4-076C883AD69E}"
EndProject
Project("{FAE04EC0-301F-11D3-BF4B-00C04F79EFBC}") = "BSC.WebApi.Core", "src\BuildingBlocks\BSC.WebApi.Core\BSC.WebApi.Core.csproj", "{9267C35B-93C0-4E30-99FB-2CE54BFE9C41}"
EndProject
Project("{FAE04EC0-301F-11D3-BF4B-00C04F79EFBC}") = "BSC.WebStatus", "src\WebApps\BSC.WebStatus\BSC.WebStatus.csproj", "{54C018D7-A246-4652-9C4C-AE20BC31330A}"
EndProject
Project("{FAE04EC0-301F-11D3-BF4B-00C04F79EFBC}") = "BSC.Client.API", "src\Services\BSC.Client.API\BSC.Client.API.csproj", "{0E1D8952-BF7B-4514-ACC6-8DEAAEB90C7C}"
EndProject
Project("{FAE04EC0-301F-11D3-BF4B-00C04F79EFBC}") = "BSC.Price.API", "src\Services\BSC.Price.API\BSC.Price.API.csproj", "{650D7040-91E1-43C5-A452-EC24D7C9C6C5}"
EndProject
Project("{FAE04EC0-301F-11D3-BF4B-00C04F79EFBC}") = "BSC.Product.API", "src\Services\BSC.Product.API\BSC.Product.API.csproj", "{B287429B-0BCE-4352-BE06-714CCC515427}"
EndProject
Project("{FAE04EC0-301F-11D3-BF4B-00C04F79EFBC}") = "BSC.IdentityServer", "src\Services\BSC.IdentityServer\BSC.IdentityServer.csproj", "{A8F69703-EB26-4EBD-984B-F581E93004F5}"
EndProject
Project("{FAE04EC0-301F-11D3-BF4B-00C04F79EFBC}") = "BSC.Webhook", "src\Services\BSC.Webhook\BSC.Webhook.csproj", "{5DAE55EA-F55E-4FA3-91EC-201AE4BF2925}"
EndProject
Project("{2150E333-8FDC-42A3-9474-1A3956D46DE8}") = "Integrations", "Integrations", "{560F6D04-5EC3-4038-863D-E21563A427A0}"
EndProject
Project("{2150E333-8FDC-42A3-9474-1A3956D46DE8}") = "UnitTests", "UnitTests", "{D2C93AD8-9B04-4A6C-B6DF-2E24EA03C313}"
EndProject
Global
	GlobalSection(SolutionConfigurationPlatforms) = preSolution
		Debug|Any CPU = Debug|Any CPU
		Release|Any CPU = Release|Any CPU
	EndGlobalSection
	GlobalSection(NestedProjects) = preSolution
		{91E5B09A-D8EF-4071-9907-50D0154B6059} = {D7FEC602-8580-4282-963C-E8951BCD7CD4}
		{32A07D1E-4128-4F16-B69E-CCB9A5851E6D} = {D7FEC602-8580-4282-963C-E8951BCD7CD4}
		{C702018F-221D-4051-B450-43CDA3BB19E0} = {D7FEC602-8580-4282-963C-E8951BCD7CD4}
		{F775B45B-C892-4A4D-9819-CF57820CF3B3} = {D7FEC602-8580-4282-963C-E8951BCD7CD4}
		{30C34681-2EE8-4B84-BC9D-9337BB32E4D4} = {91E5B09A-D8EF-4071-9907-50D0154B6059}
		{F4714FA5-2B8C-4783-BD8C-14BD277E87C9} = {D7FEC602-8580-4282-963C-E8951BCD7CD4}
		{C21F3AFF-1D32-41AD-A996-52A89E90DC9F} = {F4714FA5-2B8C-4783-BD8C-14BD277E87C9}
		{49E2A6BD-019C-4CA1-B30F-7627E37FFF73} = {F4714FA5-2B8C-4783-BD8C-14BD277E87C9}
		{E9A8B677-9461-4BBE-8C44-60398D88DEFC} = {F4714FA5-2B8C-4783-BD8C-14BD277E87C9}
		{C2CDB681-FA18-4AD4-8A7A-31753E035526} = {91E5B09A-D8EF-4071-9907-50D0154B6059}
		{40FD3FAE-BBC1-4A11-A579-FF722B5EB710} = {91E5B09A-D8EF-4071-9907-50D0154B6059}
		{B376ECA1-4693-411B-9D12-C0A58ED69064} = {91E5B09A-D8EF-4071-9907-50D0154B6059}
		{D9DA3DDD-DEDC-403B-B3D9-47FF5F2A71BD} = {C702018F-221D-4051-B450-43CDA3BB19E0}
		{0D309A6C-CD9C-4E83-B43E-0D7410D7FE90} = {D9DA3DDD-DEDC-403B-B3D9-47FF5F2A71BD}
		{D3AEC87C-A98C-486E-9AD8-4316CEABDFAE} = {C702018F-221D-4051-B450-43CDA3BB19E0}
		{6E00B0E1-8A10-429B-AD70-B01DE9C261F1} = {C702018F-221D-4051-B450-43CDA3BB19E0}
		{140F3305-4F20-4016-93FE-B777E6C67E54} = {91E5B09A-D8EF-4071-9907-50D0154B6059}
		{7950A8A7-8715-4491-A05A-AAB76125AD1C} = {F4714FA5-2B8C-4783-BD8C-14BD277E87C9}
		{6C1A1241-50EB-4421-8766-1CFB480ACEE8} = {F4714FA5-2B8C-4783-BD8C-14BD277E87C9}
		{01171117-1873-445C-9398-C42AEC2864E8} = {C21F3AFF-1D32-41AD-A996-52A89E90DC9F}
		{01849397-ED6A-47E3-8DB7-D75355C8721D} = {7950A8A7-8715-4491-A05A-AAB76125AD1C}
		{09783A87-F905-4334-B6BE-DDCEADC93630} = {7950A8A7-8715-4491-A05A-AAB76125AD1C}
		{7F8B8DFE-A648-42DE-B748-0A26A18D2693} = {7950A8A7-8715-4491-A05A-AAB76125AD1C}
		{951C22B5-0FC5-444D-A132-DC37601C6B54} = {7950A8A7-8715-4491-A05A-AAB76125AD1C}
		{C0118A7B-ACBF-42BB-91C4-F4BD3633682C} = {6C1A1241-50EB-4421-8766-1CFB480ACEE8}
		{85F5613A-0FCF-4C84-90C4-076C883AD69E} = {49E2A6BD-019C-4CA1-B30F-7627E37FFF73}
		{9267C35B-93C0-4E30-99FB-2CE54BFE9C41} = {E9A8B677-9461-4BBE-8C44-60398D88DEFC}
		{54C018D7-A246-4652-9C4C-AE20BC31330A} = {32A07D1E-4128-4F16-B69E-CCB9A5851E6D}
		{0E1D8952-BF7B-4514-ACC6-8DEAAEB90C7C} = {B376ECA1-4693-411B-9D12-C0A58ED69064}
		{650D7040-91E1-43C5-A452-EC24D7C9C6C5} = {40FD3FAE-BBC1-4A11-A579-FF722B5EB710}
		{B287429B-0BCE-4352-BE06-714CCC515427} = {C2CDB681-FA18-4AD4-8A7A-31753E035526}
		{A8F69703-EB26-4EBD-984B-F581E93004F5} = {30C34681-2EE8-4B84-BC9D-9337BB32E4D4}
		{5DAE55EA-F55E-4FA3-91EC-201AE4BF2925} = {140F3305-4F20-4016-93FE-B777E6C67E54}
		{560F6D04-5EC3-4038-863D-E21563A427A0} = {7B5C5C77-AF76-4BA9-BE0B-EDC0BEEAC003}
		{D2C93AD8-9B04-4A6C-B6DF-2E24EA03C313} = {7B5C5C77-AF76-4BA9-BE0B-EDC0BEEAC003}
	EndGlobalSection
	GlobalSection(ProjectConfigurationPlatforms) = postSolution
		{0D309A6C-CD9C-4E83-B43E-0D7410D7FE90}.Debug|Any CPU.ActiveCfg = Debug|Any CPU
		{0D309A6C-CD9C-4E83-B43E-0D7410D7FE90}.Debug|Any CPU.Build.0 = Debug|Any CPU
		{0D309A6C-CD9C-4E83-B43E-0D7410D7FE90}.Release|Any CPU.ActiveCfg = Release|Any CPU
		{0D309A6C-CD9C-4E83-B43E-0D7410D7FE90}.Release|Any CPU.Build.0 = Release|Any CPU
		{D3AEC87C-A98C-486E-9AD8-4316CEABDFAE}.Debug|Any CPU.ActiveCfg = Debug|Any CPU
		{D3AEC87C-A98C-486E-9AD8-4316CEABDFAE}.Debug|Any CPU.Build.0 = Debug|Any CPU
		{D3AEC87C-A98C-486E-9AD8-4316CEABDFAE}.Release|Any CPU.ActiveCfg = Release|Any CPU
		{D3AEC87C-A98C-486E-9AD8-4316CEABDFAE}.Release|Any CPU.Build.0 = Release|Any CPU
		{6E00B0E1-8A10-429B-AD70-B01DE9C261F1}.Debug|Any CPU.ActiveCfg = Debug|Any CPU
		{6E00B0E1-8A10-429B-AD70-B01DE9C261F1}.Debug|Any CPU.Build.0 = Debug|Any CPU
		{6E00B0E1-8A10-429B-AD70-B01DE9C261F1}.Release|Any CPU.ActiveCfg = Release|Any CPU
		{6E00B0E1-8A10-429B-AD70-B01DE9C261F1}.Release|Any CPU.Build.0 = Release|Any CPU
		{01171117-1873-445C-9398-C42AEC2864E8}.Debug|Any CPU.ActiveCfg = Debug|Any CPU
		{01171117-1873-445C-9398-C42AEC2864E8}.Debug|Any CPU.Build.0 = Debug|Any CPU
		{01171117-1873-445C-9398-C42AEC2864E8}.Release|Any CPU.ActiveCfg = Release|Any CPU
		{01171117-1873-445C-9398-C42AEC2864E8}.Release|Any CPU.Build.0 = Release|Any CPU
		{01849397-ED6A-47E3-8DB7-D75355C8721D}.Debug|Any CPU.ActiveCfg = Debug|Any CPU
		{01849397-ED6A-47E3-8DB7-D75355C8721D}.Debug|Any CPU.Build.0 = Debug|Any CPU
		{01849397-ED6A-47E3-8DB7-D75355C8721D}.Release|Any CPU.ActiveCfg = Release|Any CPU
		{01849397-ED6A-47E3-8DB7-D75355C8721D}.Release|Any CPU.Build.0 = Release|Any CPU
		{09783A87-F905-4334-B6BE-DDCEADC93630}.Debug|Any CPU.ActiveCfg = Debug|Any CPU
		{09783A87-F905-4334-B6BE-DDCEADC93630}.Debug|Any CPU.Build.0 = Debug|Any CPU
		{09783A87-F905-4334-B6BE-DDCEADC93630}.Release|Any CPU.ActiveCfg = Release|Any CPU
		{09783A87-F905-4334-B6BE-DDCEADC93630}.Release|Any CPU.Build.0 = Release|Any CPU
		{7F8B8DFE-A648-42DE-B748-0A26A18D2693}.Debug|Any CPU.ActiveCfg = Debug|Any CPU
		{7F8B8DFE-A648-42DE-B748-0A26A18D2693}.Debug|Any CPU.Build.0 = Debug|Any CPU
		{7F8B8DFE-A648-42DE-B748-0A26A18D2693}.Release|Any CPU.ActiveCfg = Release|Any CPU
		{7F8B8DFE-A648-42DE-B748-0A26A18D2693}.Release|Any CPU.Build.0 = Release|Any CPU
		{951C22B5-0FC5-444D-A132-DC37601C6B54}.Debug|Any CPU.ActiveCfg = Debug|Any CPU
		{951C22B5-0FC5-444D-A132-DC37601C6B54}.Debug|Any CPU.Build.0 = Debug|Any CPU
		{951C22B5-0FC5-444D-A132-DC37601C6B54}.Release|Any CPU.ActiveCfg = Release|Any CPU
		{951C22B5-0FC5-444D-A132-DC37601C6B54}.Release|Any CPU.Build.0 = Release|Any CPU
		{C0118A7B-ACBF-42BB-91C4-F4BD3633682C}.Debug|Any CPU.ActiveCfg = Debug|Any CPU
		{C0118A7B-ACBF-42BB-91C4-F4BD3633682C}.Debug|Any CPU.Build.0 = Debug|Any CPU
		{C0118A7B-ACBF-42BB-91C4-F4BD3633682C}.Release|Any CPU.ActiveCfg = Release|Any CPU
		{C0118A7B-ACBF-42BB-91C4-F4BD3633682C}.Release|Any CPU.Build.0 = Release|Any CPU
		{85F5613A-0FCF-4C84-90C4-076C883AD69E}.Debug|Any CPU.ActiveCfg = Debug|Any CPU
		{85F5613A-0FCF-4C84-90C4-076C883AD69E}.Debug|Any CPU.Build.0 = Debug|Any CPU
		{85F5613A-0FCF-4C84-90C4-076C883AD69E}.Release|Any CPU.ActiveCfg = Release|Any CPU
		{85F5613A-0FCF-4C84-90C4-076C883AD69E}.Release|Any CPU.Build.0 = Release|Any CPU
		{9267C35B-93C0-4E30-99FB-2CE54BFE9C41}.Debug|Any CPU.ActiveCfg = Debug|Any CPU
		{9267C35B-93C0-4E30-99FB-2CE54BFE9C41}.Debug|Any CPU.Build.0 = Debug|Any CPU
		{9267C35B-93C0-4E30-99FB-2CE54BFE9C41}.Release|Any CPU.ActiveCfg = Release|Any CPU
		{9267C35B-93C0-4E30-99FB-2CE54BFE9C41}.Release|Any CPU.Build.0 = Release|Any CPU
		{54C018D7-A246-4652-9C4C-AE20BC31330A}.Debug|Any CPU.ActiveCfg = Debug|Any CPU
		{54C018D7-A246-4652-9C4C-AE20BC31330A}.Debug|Any CPU.Build.0 = Debug|Any CPU
		{54C018D7-A246-4652-9C4C-AE20BC31330A}.Release|Any CPU.ActiveCfg = Release|Any CPU
		{54C018D7-A246-4652-9C4C-AE20BC31330A}.Release|Any CPU.Build.0 = Release|Any CPU
		{0E1D8952-BF7B-4514-ACC6-8DEAAEB90C7C}.Debug|Any CPU.ActiveCfg = Debug|Any CPU
		{0E1D8952-BF7B-4514-ACC6-8DEAAEB90C7C}.Debug|Any CPU.Build.0 = Debug|Any CPU
		{0E1D8952-BF7B-4514-ACC6-8DEAAEB90C7C}.Release|Any CPU.ActiveCfg = Release|Any CPU
		{0E1D8952-BF7B-4514-ACC6-8DEAAEB90C7C}.Release|Any CPU.Build.0 = Release|Any CPU
		{650D7040-91E1-43C5-A452-EC24D7C9C6C5}.Debug|Any CPU.ActiveCfg = Debug|Any CPU
		{650D7040-91E1-43C5-A452-EC24D7C9C6C5}.Debug|Any CPU.Build.0 = Debug|Any CPU
		{650D7040-91E1-43C5-A452-EC24D7C9C6C5}.Release|Any CPU.ActiveCfg = Release|Any CPU
		{650D7040-91E1-43C5-A452-EC24D7C9C6C5}.Release|Any CPU.Build.0 = Release|Any CPU
		{B287429B-0BCE-4352-BE06-714CCC515427}.Debug|Any CPU.ActiveCfg = Debug|Any CPU
		{B287429B-0BCE-4352-BE06-714CCC515427}.Debug|Any CPU.Build.0 = Debug|Any CPU
		{B287429B-0BCE-4352-BE06-714CCC515427}.Release|Any CPU.ActiveCfg = Release|Any CPU
		{B287429B-0BCE-4352-BE06-714CCC515427}.Release|Any CPU.Build.0 = Release|Any CPU
		{A8F69703-EB26-4EBD-984B-F581E93004F5}.Debug|Any CPU.ActiveCfg = Debug|Any CPU
		{A8F69703-EB26-4EBD-984B-F581E93004F5}.Debug|Any CPU.Build.0 = Debug|Any CPU
		{A8F69703-EB26-4EBD-984B-F581E93004F5}.Release|Any CPU.ActiveCfg = Release|Any CPU
		{A8F69703-EB26-4EBD-984B-F581E93004F5}.Release|Any CPU.Build.0 = Release|Any CPU
		{5DAE55EA-F55E-4FA3-91EC-201AE4BF2925}.Debug|Any CPU.ActiveCfg = Debug|Any CPU
		{5DAE55EA-F55E-4FA3-91EC-201AE4BF2925}.Debug|Any CPU.Build.0 = Debug|Any CPU
		{5DAE55EA-F55E-4FA3-91EC-201AE4BF2925}.Release|Any CPU.ActiveCfg = Release|Any CPU
		{5DAE55EA-F55E-4FA3-91EC-201AE4BF2925}.Release|Any CPU.Build.0 = Release|Any CPU
	EndGlobalSection
EndGlobal
